
Microsoft Visual Studio Solution File, Format Version 12.00
# Visual Studio 14
VisualStudioVersion = 14.0.23107.0
MinimumVisualStudioVersion = 10.0.40219.1
Project("{FAE04EC0-301F-11D3-BF4B-00C04F79EFBC}") = "coachingSystem", "coachingSystem\coachingSystem.csproj", "{540F66EC-C778-44E2-81C8-C6D1BE8CC244}"
EndProject
Global
	GlobalSection(SolutionConfigurationPlatforms) = preSolution
		Debug|Any CPU = Debug|Any CPU
		Release|Any CPU = Release|Any CPU
	EndGlobalSection
	GlobalSection(ProjectConfigurationPlatforms) = postSolution
		{540F66EC-C778-44E2-81C8-C6D1BE8CC244}.Debug|Any CPU.ActiveCfg = Debug|Any CPU
		{540F66EC-C778-44E2-81C8-C6D1BE8CC244}.Debug|Any CPU.Build.0 = Debug|Any CPU
		{540F66EC-C778-44E2-81C8-C6D1BE8CC244}.Release|Any CPU.ActiveCfg = Release|Any CPU
		{540F66EC-C778-44E2-81C8-C6D1BE8CC244}.Release|Any CPU.Build.0 = Release|Any CPU
	EndGlobalSection
	GlobalSection(SolutionProperties) = preSolution
		HideSolutionNode = FALSE
	EndGlobalSection
EndGlobal
